// !$*UTF8*$!
{
	archiveVersion = 1;
	classes = {
	};
	objectVersion = 46;
	objects = {

/* Begin PBXBuildFile section */
		EC00660D184AD42A0023B524 /* Foundation.framework in Frameworks */ = {isa = PBXBuildFile; fileRef = EC00660C184AD42A0023B524 /* Foundation.framework */; };
		EC00660F184AD42A0023B524 /* CoreGraphics.framework in Frameworks */ = {isa = PBXBuildFile; fileRef = EC00660E184AD42A0023B524 /* CoreGraphics.framework */; };
		EC006611184AD42A0023B524 /* UIKit.framework in Frameworks */ = {isa = PBXBuildFile; fileRef = EC006610184AD42A0023B524 /* UIKit.framework */; };
		EC006613184AD42A0023B524 /* SpriteKit.framework in Frameworks */ = {isa = PBXBuildFile; fileRef = EC006612184AD42A0023B524 /* SpriteKit.framework */; };
		EC006619184AD42A0023B524 /* InfoPlist.strings in Resources */ = {isa = PBXBuildFile; fileRef = EC006617184AD42A0023B524 /* InfoPlist.strings */; };
		EC00661B184AD42A0023B524 /* main.m in Sources */ = {isa = PBXBuildFile; fileRef = EC00661A184AD42A0023B524 /* main.m */; };
		EC00661F184AD42A0023B524 /* ATAppDelegate.m in Sources */ = {isa = PBXBuildFile; fileRef = EC00661E184AD42A0023B524 /* ATAppDelegate.m */; };
		EC006622184AD42A0023B524 /* Main_iPhone.storyboard in Resources */ = {isa = PBXBuildFile; fileRef = EC006620184AD42A0023B524 /* Main_iPhone.storyboard */; };
		EC006625184AD42A0023B524 /* Main_iPad.storyboard in Resources */ = {isa = PBXBuildFile; fileRef = EC006623184AD42A0023B524 /* Main_iPad.storyboard */; };
		EC006628184AD42A0023B524 /* ATViewController.m in Sources */ = {isa = PBXBuildFile; fileRef = EC006627184AD42A0023B524 /* ATViewController.m */; };
		EC00662B184AD42A0023B524 /* ATMyScene.m in Sources */ = {isa = PBXBuildFile; fileRef = EC00662A184AD42A0023B524 /* ATMyScene.m */; };
		EC00662F184AD42A0023B524 /* Images.xcassets in Resources */ = {isa = PBXBuildFile; fileRef = EC00662E184AD42A0023B524 /* Images.xcassets */; };
		EC006636184AD42A0023B524 /* XCTest.framework in Frameworks */ = {isa = PBXBuildFile; fileRef = EC006635184AD42A0023B524 /* XCTest.framework */; };
		EC006637184AD42A0023B524 /* Foundation.framework in Frameworks */ = {isa = PBXBuildFile; fileRef = EC00660C184AD42A0023B524 /* Foundation.framework */; };
		EC006638184AD42A0023B524 /* UIKit.framework in Frameworks */ = {isa = PBXBuildFile; fileRef = EC006610184AD42A0023B524 /* UIKit.framework */; };
		EC006640184AD42A0023B524 /* InfoPlist.strings in Resources */ = {isa = PBXBuildFile; fileRef = EC00663E184AD42A0023B524 /* InfoPlist.strings */; };
		EC006642184AD42A0023B524 /* AirTriviaTests.m in Sources */ = {isa = PBXBuildFile; fileRef = EC006641184AD42A0023B524 /* AirTriviaTests.m */; };
		EC00664F184AD4830023B524 /* ATButtonNode.m in Sources */ = {isa = PBXBuildFile; fileRef = EC00664C184AD4830023B524 /* ATButtonNode.m */; };
		EC006650184AD4830023B524 /* ATLineBreakLabelNode.m in Sources */ = {isa = PBXBuildFile; fileRef = EC00664E184AD4830023B524 /* ATLineBreakLabelNode.m */; };
		EC006653184AD4BD0023B524 /* ATAirPlayScene.m in Sources */ = {isa = PBXBuildFile; fileRef = EC006652184AD4BD0023B524 /* ATAirPlayScene.m */; };
		EC006656184AF72D0023B524 /* emptyButton.png in Resources */ = {isa = PBXBuildFile; fileRef = EC006654184AF72D0023B524 /* emptyButton.png */; };
		EC006657184AF72D0023B524 /* emptyButton@2x.png in Resources */ = {isa = PBXBuildFile; fileRef = EC006655184AF72D0023B524 /* emptyButton@2x.png */; };
/* End PBXBuildFile section */

/* Begin PBXContainerItemProxy section */
		EC006639184AD42A0023B524 /* PBXContainerItemProxy */ = {
			isa = PBXContainerItemProxy;
			containerPortal = EC006601184AD42A0023B524 /* Project object */;
			proxyType = 1;
			remoteGlobalIDString = EC006608184AD42A0023B524;
			remoteInfo = AirTrivia;
		};
/* End PBXContainerItemProxy section */

/* Begin PBXFileReference section */
		EC006609184AD42A0023B524 /* AirTrivia.app */ = {isa = PBXFileReference; explicitFileType = wrapper.application; includeInIndex = 0; path = AirTrivia.app; sourceTree = BUILT_PRODUCTS_DIR; };
		EC00660C184AD42A0023B524 /* Foundation.framework */ = {isa = PBXFileReference; lastKnownFileType = wrapper.framework; name = Foundation.framework; path = System/Library/Frameworks/Foundation.framework; sourceTree = SDKROOT; };
		EC00660E184AD42A0023B524 /* CoreGraphics.framework */ = {isa = PBXFileReference; lastKnownFileType = wrapper.framework; name = CoreGraphics.framework; path = System/Library/Frameworks/CoreGraphics.framework; sourceTree = SDKROOT; };
		EC006610184AD42A0023B524 /* UIKit.framework */ = {isa = PBXFileReference; lastKnownFileType = wrapper.framework; name = UIKit.framework; path = System/Library/Frameworks/UIKit.framework; sourceTree = SDKROOT; };
		EC006612184AD42A0023B524 /* SpriteKit.framework */ = {isa = PBXFileReference; lastKnownFileType = wrapper.framework; name = SpriteKit.framework; path = System/Library/Frameworks/SpriteKit.framework; sourceTree = SDKROOT; };
		EC006616184AD42A0023B524 /* AirTrivia-Info.plist */ = {isa = PBXFileReference; lastKnownFileType = text.plist.xml; path = "AirTrivia-Info.plist"; sourceTree = "<group>"; };
		EC006618184AD42A0023B524 /* en */ = {isa = PBXFileReference; lastKnownFileType = text.plist.strings; name = en; path = en.lproj/InfoPlist.strings; sourceTree = "<group>"; };
		EC00661A184AD42A0023B524 /* main.m */ = {isa = PBXFileReference; lastKnownFileType = sourcecode.c.objc; path = main.m; sourceTree = "<group>"; };
		EC00661C184AD42A0023B524 /* AirTrivia-Prefix.pch */ = {isa = PBXFileReference; lastKnownFileType = sourcecode.c.h; path = "AirTrivia-Prefix.pch"; sourceTree = "<group>"; };
		EC00661D184AD42A0023B524 /* ATAppDelegate.h */ = {isa = PBXFileReference; lastKnownFileType = sourcecode.c.h; path = ATAppDelegate.h; sourceTree = "<group>"; };
		EC00661E184AD42A0023B524 /* ATAppDelegate.m */ = {isa = PBXFileReference; lastKnownFileType = sourcecode.c.objc; path = ATAppDelegate.m; sourceTree = "<group>"; };
		EC006621184AD42A0023B524 /* Base */ = {isa = PBXFileReference; lastKnownFileType = file.storyboard; name = Base; path = Base.lproj/Main_iPhone.storyboard; sourceTree = "<group>"; };
		EC006624184AD42A0023B524 /* Base */ = {isa = PBXFileReference; lastKnownFileType = file.storyboard; name = Base; path = Base.lproj/Main_iPad.storyboard; sourceTree = "<group>"; };
		EC006626184AD42A0023B524 /* ATViewController.h */ = {isa = PBXFileReference; lastKnownFileType = sourcecode.c.h; path = ATViewController.h; sourceTree = "<group>"; };
		EC006627184AD42A0023B524 /* ATViewController.m */ = {isa = PBXFileReference; lastKnownFileType = sourcecode.c.objc; path = ATViewController.m; sourceTree = "<group>"; };
		EC006629184AD42A0023B524 /* ATMyScene.h */ = {isa = PBXFileReference; lastKnownFileType = sourcecode.c.h; path = ATMyScene.h; sourceTree = "<group>"; };
		EC00662A184AD42A0023B524 /* ATMyScene.m */ = {isa = PBXFileReference; lastKnownFileType = sourcecode.c.objc; path = ATMyScene.m; sourceTree = "<group>"; };
		EC00662E184AD42A0023B524 /* Images.xcassets */ = {isa = PBXFileReference; lastKnownFileType = folder.assetcatalog; path = Images.xcassets; sourceTree = "<group>"; };
		EC006634184AD42A0023B524 /* AirTriviaTests.xctest */ = {isa = PBXFileReference; explicitFileType = wrapper.cfbundle; includeInIndex = 0; path = AirTriviaTests.xctest; sourceTree = BUILT_PRODUCTS_DIR; };
		EC006635184AD42A0023B524 /* XCTest.framework */ = {isa = PBXFileReference; lastKnownFileType = wrapper.framework; name = XCTest.framework; path = Library/Frameworks/XCTest.framework; sourceTree = DEVELOPER_DIR; };
		EC00663D184AD42A0023B524 /* AirTriviaTests-Info.plist */ = {isa = PBXFileReference; lastKnownFileType = text.plist.xml; path = "AirTriviaTests-Info.plist"; sourceTree = "<group>"; };
		EC00663F184AD42A0023B524 /* en */ = {isa = PBXFileReference; lastKnownFileType = text.plist.strings; name = en; path = en.lproj/InfoPlist.strings; sourceTree = "<group>"; };
		EC006641184AD42A0023B524 /* AirTriviaTests.m */ = {isa = PBXFileReference; lastKnownFileType = sourcecode.c.objc; path = AirTriviaTests.m; sourceTree = "<group>"; };
		EC00664B184AD4830023B524 /* ATButtonNode.h */ = {isa = PBXFileReference; fileEncoding = 4; lastKnownFileType = sourcecode.c.h; path = ATButtonNode.h; sourceTree = "<group>"; };
		EC00664C184AD4830023B524 /* ATButtonNode.m */ = {isa = PBXFileReference; fileEncoding = 4; lastKnownFileType = sourcecode.c.objc; path = ATButtonNode.m; sourceTree = "<group>"; };
		EC00664D184AD4830023B524 /* ATLineBreakLabelNode.h */ = {isa = PBXFileReference; fileEncoding = 4; lastKnownFileType = sourcecode.c.h; path = ATLineBreakLabelNode.h; sourceTree = "<group>"; };
		EC00664E184AD4830023B524 /* ATLineBreakLabelNode.m */ = {isa = PBXFileReference; fileEncoding = 4; lastKnownFileType = sourcecode.c.objc; path = ATLineBreakLabelNode.m; sourceTree = "<group>"; };
		EC006651184AD4BD0023B524 /* ATAirPlayScene.h */ = {isa = PBXFileReference; fileEncoding = 4; lastKnownFileType = sourcecode.c.h; path = ATAirPlayScene.h; sourceTree = "<group>"; };
		EC006652184AD4BD0023B524 /* ATAirPlayScene.m */ = {isa = PBXFileReference; fileEncoding = 4; lastKnownFileType = sourcecode.c.objc; path = ATAirPlayScene.m; sourceTree = "<group>"; };
		EC006654184AF72D0023B524 /* emptyButton.png */ = {isa = PBXFileReference; lastKnownFileType = image.png; path = emptyButton.png; sourceTree = "<group>"; };
		EC006655184AF72D0023B524 /* emptyButton@2x.png */ = {isa = PBXFileReference; lastKnownFileType = image.png; path = "emptyButton@2x.png"; sourceTree = "<group>"; };
/* End PBXFileReference section */

/* Begin PBXFrameworksBuildPhase section */
		EC006606184AD42A0023B524 /* Frameworks */ = {
			isa = PBXFrameworksBuildPhase;
			buildActionMask = 2147483647;
			files = (
				EC00660F184AD42A0023B524 /* CoreGraphics.framework in Frameworks */,
				EC006611184AD42A0023B524 /* UIKit.framework in Frameworks */,
				EC006613184AD42A0023B524 /* SpriteKit.framework in Frameworks */,
				EC00660D184AD42A0023B524 /* Foundation.framework in Frameworks */,
			);
			runOnlyForDeploymentPostprocessing = 0;
		};
		EC006631184AD42A0023B524 /* Frameworks */ = {
			isa = PBXFrameworksBuildPhase;
			buildActionMask = 2147483647;
			files = (
				EC006636184AD42A0023B524 /* XCTest.framework in Frameworks */,
				EC006638184AD42A0023B524 /* UIKit.framework in Frameworks */,
				EC006637184AD42A0023B524 /* Foundation.framework in Frameworks */,
			);
			runOnlyForDeploymentPostprocessing = 0;
		};
/* End PBXFrameworksBuildPhase section */

/* Begin PBXGroup section */
		EC006600184AD42A0023B524 = {
			isa = PBXGroup;
			children = (
				EC006614184AD42A0023B524 /* AirTrivia */,
				EC00663B184AD42A0023B524 /* AirTriviaTests */,
				EC00660B184AD42A0023B524 /* Frameworks */,
				EC00660A184AD42A0023B524 /* Products */,
			);
			sourceTree = "<group>";
		};
		EC00660A184AD42A0023B524 /* Products */ = {
			isa = PBXGroup;
			children = (
				EC006609184AD42A0023B524 /* AirTrivia.app */,
				EC006634184AD42A0023B524 /* AirTriviaTests.xctest */,
			);
			name = Products;
			sourceTree = "<group>";
		};
		EC00660B184AD42A0023B524 /* Frameworks */ = {
			isa = PBXGroup;
			children = (
				EC00660C184AD42A0023B524 /* Foundation.framework */,
				EC00660E184AD42A0023B524 /* CoreGraphics.framework */,
				EC006610184AD42A0023B524 /* UIKit.framework */,
				EC006612184AD42A0023B524 /* SpriteKit.framework */,
				EC006635184AD42A0023B524 /* XCTest.framework */,
			);
			name = Frameworks;
			sourceTree = "<group>";
		};
		EC006614184AD42A0023B524 /* AirTrivia */ = {
			isa = PBXGroup;
			children = (
				EC00661D184AD42A0023B524 /* ATAppDelegate.h */,
				EC00661E184AD42A0023B524 /* ATAppDelegate.m */,
				EC006620184AD42A0023B524 /* Main_iPhone.storyboard */,
				EC006623184AD42A0023B524 /* Main_iPad.storyboard */,
				EC006626184AD42A0023B524 /* ATViewController.h */,
				EC006627184AD42A0023B524 /* ATViewController.m */,
				EC006629184AD42A0023B524 /* ATMyScene.h */,
				EC00662A184AD42A0023B524 /* ATMyScene.m */,
				EC006651184AD4BD0023B524 /* ATAirPlayScene.h */,
				EC006652184AD4BD0023B524 /* ATAirPlayScene.m */,
				EC00664B184AD4830023B524 /* ATButtonNode.h */,
				EC00664C184AD4830023B524 /* ATButtonNode.m */,
				EC00664D184AD4830023B524 /* ATLineBreakLabelNode.h */,
				EC00664E184AD4830023B524 /* ATLineBreakLabelNode.m */,
				EC00662E184AD42A0023B524 /* Images.xcassets */,
				EC006615184AD42A0023B524 /* Supporting Files */,
			);
			path = AirTrivia;
			sourceTree = "<group>";
		};
		EC006615184AD42A0023B524 /* Supporting Files */ = {
			isa = PBXGroup;
			children = (
				EC006616184AD42A0023B524 /* AirTrivia-Info.plist */,
				EC006617184AD42A0023B524 /* InfoPlist.strings */,
				EC00661A184AD42A0023B524 /* main.m */,
				EC00661C184AD42A0023B524 /* AirTrivia-Prefix.pch */,
				EC006654184AF72D0023B524 /* emptyButton.png */,
				EC006655184AF72D0023B524 /* emptyButton@2x.png */,
			);
			name = "Supporting Files";
			sourceTree = "<group>";
		};
		EC00663B184AD42A0023B524 /* AirTriviaTests */ = {
			isa = PBXGroup;
			children = (
				EC006641184AD42A0023B524 /* AirTriviaTests.m */,
				EC00663C184AD42A0023B524 /* Supporting Files */,
			);
			path = AirTriviaTests;
			sourceTree = "<group>";
		};
		EC00663C184AD42A0023B524 /* Supporting Files */ = {
			isa = PBXGroup;
			children = (
				EC00663D184AD42A0023B524 /* AirTriviaTests-Info.plist */,
				EC00663E184AD42A0023B524 /* InfoPlist.strings */,
			);
			name = "Supporting Files";
			sourceTree = "<group>";
		};
/* End PBXGroup section */

/* Begin PBXNativeTarget section */
		EC006608184AD42A0023B524 /* AirTrivia */ = {
			isa = PBXNativeTarget;
			buildConfigurationList = EC006645184AD42A0023B524 /* Build configuration list for PBXNativeTarget "AirTrivia" */;
			buildPhases = (
				EC006605184AD42A0023B524 /* Sources */,
				EC006606184AD42A0023B524 /* Frameworks */,
				EC006607184AD42A0023B524 /* Resources */,
			);
			buildRules = (
			);
			dependencies = (
			);
			name = AirTrivia;
			productName = AirTrivia;
			productReference = EC006609184AD42A0023B524 /* AirTrivia.app */;
			productType = "com.apple.product-type.application";
		};
		EC006633184AD42A0023B524 /* AirTriviaTests */ = {
			isa = PBXNativeTarget;
			buildConfigurationList = EC006648184AD42A0023B524 /* Build configuration list for PBXNativeTarget "AirTriviaTests" */;
			buildPhases = (
				EC006630184AD42A0023B524 /* Sources */,
				EC006631184AD42A0023B524 /* Frameworks */,
				EC006632184AD42A0023B524 /* Resources */,
			);
			buildRules = (
			);
			dependencies = (
				EC00663A184AD42A0023B524 /* PBXTargetDependency */,
			);
			name = AirTriviaTests;
			productName = AirTriviaTests;
			productReference = EC006634184AD42A0023B524 /* AirTriviaTests.xctest */;
			productType = "com.apple.product-type.bundle.unit-test";
		};
/* End PBXNativeTarget section */

/* Begin PBXProject section */
		EC006601184AD42A0023B524 /* Project object */ = {
			isa = PBXProject;
			attributes = {
				CLASSPREFIX = AT;
				LastUpgradeCheck = 0500;
				ORGANIZATIONNAME = "Gustavo Ambrozio";
				TargetAttributes = {
					EC006633184AD42A0023B524 = {
						TestTargetID = EC006608184AD42A0023B524;
					};
				};
			};
			buildConfigurationList = EC006604184AD42A0023B524 /* Build configuration list for PBXProject "AirTrivia" */;
			compatibilityVersion = "Xcode 3.2";
			developmentRegion = English;
			hasScannedForEncodings = 0;
			knownRegions = (
				en,
				Base,
			);
			mainGroup = EC006600184AD42A0023B524;
			productRefGroup = EC00660A184AD42A0023B524 /* Products */;
			projectDirPath = "";
			projectRoot = "";
			targets = (
				EC006608184AD42A0023B524 /* AirTrivia */,
				EC006633184AD42A0023B524 /* AirTriviaTests */,
			);
		};
/* End PBXProject section */

/* Begin PBXResourcesBuildPhase section */
		EC006607184AD42A0023B524 /* Resources */ = {
			isa = PBXResourcesBuildPhase;
			buildActionMask = 2147483647;
			files = (
				EC006657184AF72D0023B524 /* emptyButton@2x.png in Resources */,
				EC006656184AF72D0023B524 /* emptyButton.png in Resources */,
				EC00662F184AD42A0023B524 /* Images.xcassets in Resources */,
				EC006625184AD42A0023B524 /* Main_iPad.storyboard in Resources */,
				EC006622184AD42A0023B524 /* Main_iPhone.storyboard in Resources */,
				EC006619184AD42A0023B524 /* InfoPlist.strings in Resources */,
			);
			runOnlyForDeploymentPostprocessing = 0;
		};
		EC006632184AD42A0023B524 /* Resources */ = {
			isa = PBXResourcesBuildPhase;
			buildActionMask = 2147483647;
			files = (
				EC006640184AD42A0023B524 /* InfoPlist.strings in Resources */,
			);
			runOnlyForDeploymentPostprocessing = 0;
		};
/* End PBXResourcesBuildPhase section */

/* Begin PBXSourcesBuildPhase section */
		EC006605184AD42A0023B524 /* Sources */ = {
			isa = PBXSourcesBuildPhase;
			buildActionMask = 2147483647;
			files = (
				EC00661B184AD42A0023B524 /* main.m in Sources */,
				EC006628184AD42A0023B524 /* ATViewController.m in Sources */,
				EC00664F184AD4830023B524 /* ATButtonNode.m in Sources */,
				EC006653184AD4BD0023B524 /* ATAirPlayScene.m in Sources */,
				EC006650184AD4830023B524 /* ATLineBreakLabelNode.m in Sources */,
				EC00661F184AD42A0023B524 /* ATAppDelegate.m in Sources */,
				EC00662B184AD42A0023B524 /* ATMyScene.m in Sources */,
			);
			runOnlyForDeploymentPostprocessing = 0;
		};
		EC006630184AD42A0023B524 /* Sources */ = {
			isa = PBXSourcesBuildPhase;
			buildActionMask = 2147483647;
			files = (
				EC006642184AD42A0023B524 /* AirTriviaTests.m in Sources */,
			);
			runOnlyForDeploymentPostprocessing = 0;
		};
/* End PBXSourcesBuildPhase section */

/* Begin PBXTargetDependency section */
		EC00663A184AD42A0023B524 /* PBXTargetDependency */ = {
			isa = PBXTargetDependency;
			target = EC006608184AD42A0023B524 /* AirTrivia */;
			targetProxy = EC006639184AD42A0023B524 /* PBXContainerItemProxy */;
		};
/* End PBXTargetDependency section */

/* Begin PBXVariantGroup section */
		EC006617184AD42A0023B524 /* InfoPlist.strings */ = {
			isa = PBXVariantGroup;
			children = (
				EC006618184AD42A0023B524 /* en */,
			);
			name = InfoPlist.strings;
			sourceTree = "<group>";
		};
		EC006620184AD42A0023B524 /* Main_iPhone.storyboard */ = {
			isa = PBXVariantGroup;
			children = (
				EC006621184AD42A0023B524 /* Base */,
			);
			name = Main_iPhone.storyboard;
			sourceTree = "<group>";
		};
		EC006623184AD42A0023B524 /* Main_iPad.storyboard */ = {
			isa = PBXVariantGroup;
			children = (
				EC006624184AD42A0023B524 /* Base */,
			);
			name = Main_iPad.storyboard;
			sourceTree = "<group>";
		};
		EC00663E184AD42A0023B524 /* InfoPlist.strings */ = {
			isa = PBXVariantGroup;
			children = (
				EC00663F184AD42A0023B524 /* en */,
			);
			name = InfoPlist.strings;
			sourceTree = "<group>";
		};
/* End PBXVariantGroup section */

/* Begin XCBuildConfiguration section */
		EC006643184AD42A0023B524 /* Debug */ = {
			isa = XCBuildConfiguration;
			buildSettings = {
				ALWAYS_SEARCH_USER_PATHS = NO;
				ARCHS = "$(ARCHS_STANDARD_INCLUDING_64_BIT)";
				CLANG_CXX_LANGUAGE_STANDARD = "gnu++0x";
				CLANG_CXX_LIBRARY = "libc++";
				CLANG_ENABLE_MODULES = YES;
				CLANG_ENABLE_OBJC_ARC = YES;
				CLANG_WARN_BOOL_CONVERSION = YES;
				CLANG_WARN_CONSTANT_CONVERSION = YES;
				CLANG_WARN_DIRECT_OBJC_ISA_USAGE = YES_ERROR;
				CLANG_WARN_EMPTY_BODY = YES;
				CLANG_WARN_ENUM_CONVERSION = YES;
				CLANG_WARN_INT_CONVERSION = YES;
				CLANG_WARN_OBJC_ROOT_CLASS = YES_ERROR;
				CLANG_WARN__DUPLICATE_METHOD_MATCH = YES;
				"CODE_SIGN_IDENTITY[sdk=iphoneos*]" = "iPhone Developer";
				COPY_PHASE_STRIP = NO;
				GCC_C_LANGUAGE_STANDARD = gnu99;
				GCC_DYNAMIC_NO_PIC = NO;
				GCC_OPTIMIZATION_LEVEL = 0;
				GCC_PREPROCESSOR_DEFINITIONS = (
					"DEBUG=1",
					"$(inherited)",
				);
				GCC_SYMBOLS_PRIVATE_EXTERN = NO;
				GCC_WARN_64_TO_32_BIT_CONVERSION = YES;
				GCC_WARN_ABOUT_DEPRECATED_FUNCTIONS = NO;
				GCC_WARN_ABOUT_RETURN_TYPE = YES_ERROR;
				GCC_WARN_UNDECLARED_SELECTOR = YES;
				GCC_WARN_UNINITIALIZED_AUTOS = YES;
				GCC_WARN_UNUSED_FUNCTION = YES;
				GCC_WARN_UNUSED_VARIABLE = YES;
				IPHONEOS_DEPLOYMENT_TARGET = 7.0;
				ONLY_ACTIVE_ARCH = YES;
				SDKROOT = iphoneos;
				TARGETED_DEVICE_FAMILY = "1,2";
			};
			name = Debug;
		};
		EC006644184AD42A0023B524 /* Release */ = {
			isa = XCBuildConfiguration;
			buildSettings = {
				ALWAYS_SEARCH_USER_PATHS = NO;
				ARCHS = "$(ARCHS_STANDARD_INCLUDING_64_BIT)";
				CLANG_CXX_LANGUAGE_STANDARD = "gnu++0x";
				CLANG_CXX_LIBRARY = "libc++";
				CLANG_ENABLE_MODULES = YES;
				CLANG_ENABLE_OBJC_ARC = YES;
				CLANG_WARN_BOOL_CONVERSION = YES;
				CLANG_WARN_CONSTANT_CONVERSION = YES;
				CLANG_WARN_DIRECT_OBJC_ISA_USAGE = YES_ERROR;
				CLANG_WARN_EMPTY_BODY = YES;
				CLANG_WARN_ENUM_CONVERSION = YES;
				CLANG_WARN_INT_CONVERSION = YES;
				CLANG_WARN_OBJC_ROOT_CLASS = YES_ERROR;
				CLANG_WARN__DUPLICATE_METHOD_MATCH = YES;
				"CODE_SIGN_IDENTITY[sdk=iphoneos*]" = "iPhone Developer";
				COPY_PHASE_STRIP = YES;
				ENABLE_NS_ASSERTIONS = NO;
				GCC_C_LANGUAGE_STANDARD = gnu99;
				GCC_WARN_64_TO_32_BIT_CONVERSION = YES;
				GCC_WARN_ABOUT_DEPRECATED_FUNCTIONS = NO;
				GCC_WARN_ABOUT_RETURN_TYPE = YES_ERROR;
				GCC_WARN_UNDECLARED_SELECTOR = YES;
				GCC_WARN_UNINITIALIZED_AUTOS = YES;
				GCC_WARN_UNUSED_FUNCTION = YES;
				GCC_WARN_UNUSED_VARIABLE = YES;
				IPHONEOS_DEPLOYMENT_TARGET = 7.0;
				SDKROOT = iphoneos;
				TARGETED_DEVICE_FAMILY = "1,2";
				VALIDATE_PRODUCT = YES;
			};
			name = Release;
		};
		EC006646184AD42A0023B524 /* Debug */ = {
			isa = XCBuildConfiguration;
			buildSettings = {
				ASSETCATALOG_COMPILER_APPICON_NAME = AppIcon;
				ASSETCATALOG_COMPILER_LAUNCHIMAGE_NAME = LaunchImage;
				GCC_PRECOMPILE_PREFIX_HEADER = YES;
				GCC_PREFIX_HEADER = "AirTrivia/AirTrivia-Prefix.pch";
				INFOPLIST_FILE = "AirTrivia/AirTrivia-Info.plist";
				PRODUCT_NAME = "$(TARGET_NAME)";
				SPRITEKIT_TEXTURE_ATLAS_OUTPUT = YES;
				WRAPPER_EXTENSION = app;
			};
			name = Debug;
		};
		EC006647184AD42A0023B524 /* Release */ = {
			isa = XCBuildConfiguration;
			buildSettings = {
				ASSETCATALOG_COMPILER_APPICON_NAME = AppIcon;
				ASSETCATALOG_COMPILER_LAUNCHIMAGE_NAME = LaunchImage;
				GCC_PRECOMPILE_PREFIX_HEADER = YES;
				GCC_PREFIX_HEADER = "AirTrivia/AirTrivia-Prefix.pch";
				INFOPLIST_FILE = "AirTrivia/AirTrivia-Info.plist";
				PRODUCT_NAME = "$(TARGET_NAME)";
				SPRITEKIT_TEXTURE_ATLAS_OUTPUT = YES;
				WRAPPER_EXTENSION = app;
			};
			name = Release;
		};
		EC006649184AD42A0023B524 /* Debug */ = {
			isa = XCBuildConfiguration;
			buildSettings = {
				ARCHS = "$(ARCHS_STANDARD_INCLUDING_64_BIT)";
				BUNDLE_LOADER = "$(BUILT_PRODUCTS_DIR)/AirTrivia.app/AirTrivia";
				FRAMEWORK_SEARCH_PATHS = (
					"$(SDKROOT)/Developer/Library/Frameworks",
					"$(inherited)",
					"$(DEVELOPER_FRAMEWORKS_DIR)",
				);
				GCC_PRECOMPILE_PREFIX_HEADER = YES;
				GCC_PREFIX_HEADER = "AirTrivia/AirTrivia-Prefix.pch";
				GCC_PREPROCESSOR_DEFINITIONS = (
					"DEBUG=1",
					"$(inherited)",
				);
				INFOPLIST_FILE = "AirTriviaTests/AirTriviaTests-Info.plist";
				PRODUCT_NAME = "$(TARGET_NAME)";
				TEST_HOST = "$(BUNDLE_LOADER)";
				WRAPPER_EXTENSION = xctest;
			};
			name = Debug;
		};
		EC00664A184AD42A0023B524 /* Release */ = {
			isa = XCBuildConfiguration;
			buildSettings = {
				ARCHS = "$(ARCHS_STANDARD_INCLUDING_64_BIT)";
				BUNDLE_LOADER = "$(BUILT_PRODUCTS_DIR)/AirTrivia.app/AirTrivia";
				FRAMEWORK_SEARCH_PATHS = (
					"$(SDKROOT)/Developer/Library/Frameworks",
					"$(inherited)",
					"$(DEVELOPER_FRAMEWORKS_DIR)",
				);
				GCC_PRECOMPILE_PREFIX_HEADER = YES;
				GCC_PREFIX_HEADER = "AirTrivia/AirTrivia-Prefix.pch";
				INFOPLIST_FILE = "AirTriviaTests/AirTriviaTests-Info.plist";
				PRODUCT_NAME = "$(TARGET_NAME)";
				TEST_HOST = "$(BUNDLE_LOADER)";
				WRAPPER_EXTENSION = xctest;
			};
			name = Release;
		};
/* End XCBuildConfiguration section */

/* Begin XCConfigurationList section */
		EC006604184AD42A0023B524 /* Build configuration list for PBXProject "AirTrivia" */ = {
			isa = XCConfigurationList;
			buildConfigurations = (
				EC006643184AD42A0023B524 /* Debug */,
				EC006644184AD42A0023B524 /* Release */,
			);
			defaultConfigurationIsVisible = 0;
			defaultConfigurationName = Release;
		};
		EC006645184AD42A0023B524 /* Build configuration list for PBXNativeTarget "AirTrivia" */ = {
			isa = XCConfigurationList;
			buildConfigurations = (
				EC006646184AD42A0023B524 /* Debug */,
				EC006647184AD42A0023B524 /* Release */,
			);
			defaultConfigurationIsVisible = 0;
			defaultConfigurationName = Release;
		};
		EC006648184AD42A0023B524 /* Build configuration list for PBXNativeTarget "AirTriviaTests" */ = {
			isa = XCConfigurationList;
			buildConfigurations = (
				EC006649184AD42A0023B524 /* Debug */,
				EC00664A184AD42A0023B524 /* Release */,
			);
			defaultConfigurationIsVisible = 0;
			defaultConfigurationName = Release;
		};
/* End XCConfigurationList section */
	};
	rootObject = EC006601184AD42A0023B524 /* Project object */;
}
